
Microsoft Visual Studio Solution File, Format Version 12.00
# Visual Studio 2012
Project("{FAE04EC0-301F-11D3-BF4B-00C04F79EFBC}") = "PPApiClient", "PPApiClient\PPApiClient.csproj", "{04DE81CE-C327-488C-AB52-0D45C394E597}"
EndProject
Project("{FAE04EC0-301F-11D3-BF4B-00C04F79EFBC}") = "PPApiExample", "PPApiExample\PPApiExample.csproj", "{59EC81F7-DB1B-4126-9D56-99AB6B6D16AA}"
EndProject
Global
	GlobalSection(SolutionConfigurationPlatforms) = preSolution
		Debug|Any CPU = Debug|Any CPU
		Release|Any CPU = Release|Any CPU
	EndGlobalSection
	GlobalSection(ProjectConfigurationPlatforms) = postSolution
		{04DE81CE-C327-488C-AB52-0D45C394E597}.Debug|Any CPU.ActiveCfg = Debug|Any CPU
		{04DE81CE-C327-488C-AB52-0D45C394E597}.Debug|Any CPU.Build.0 = Debug|Any CPU
		{04DE81CE-C327-488C-AB52-0D45C394E597}.Release|Any CPU.ActiveCfg = Release|Any CPU
		{04DE81CE-C327-488C-AB52-0D45C394E597}.Release|Any CPU.Build.0 = Release|Any CPU
		{59EC81F7-DB1B-4126-9D56-99AB6B6D16AA}.Debug|Any CPU.ActiveCfg = Debug|Any CPU
		{59EC81F7-DB1B-4126-9D56-99AB6B6D16AA}.Debug|Any CPU.Build.0 = Debug|Any CPU
		{59EC81F7-DB1B-4126-9D56-99AB6B6D16AA}.Release|Any CPU.ActiveCfg = Release|Any CPU
		{59EC81F7-DB1B-4126-9D56-99AB6B6D16AA}.Release|Any CPU.Build.0 = Release|Any CPU
	EndGlobalSection
EndGlobal
